
Microsoft Visual Studio Solution File, Format Version 12.00
# Visual Studio Version 17
VisualStudioVersion = 17.11.35222.181
MinimumVisualStudioVersion = 10.0.40219.1
Project("{8BC9CEB8-8B4A-11D0-8D11-00A0C91BC942}") = "Main", "DataQuest\DataQuest.vcxproj", "{428309C1-CD97-4FE4-BC52-6E1CC735280C}"
EndProject
Project("{8BC9CEB8-8B4A-11D0-8D11-00A0C91BC942}") = "Server", "Server\Server.vcxproj", "{E0AA5A65-BF6B-4980-ACFB-51B14BE6B043}"
EndProject
Project("{8BC9CEB8-8B4A-11D0-8D11-00A0C91BC942}") = "WebScraping", "WebScraping\WebScraping.vcxproj", "{EBDE755B-5A56-495D-B81D-E6B59EC9E6EE}"
EndProject
Global
	GlobalSection(SolutionConfigurationPlatforms) = preSolution
		Debug|x64 = Debug|x64
		Debug|x86 = Debug|x86
		Release|x64 = Release|x64
		Release|x86 = Release|x86
	EndGlobalSection
	GlobalSection(ProjectConfigurationPlatforms) = postSolution
		{428309C1-CD97-4FE4-BC52-6E1CC735280C}.Debug|x64.ActiveCfg = Debug|x64
		{428309C1-CD97-4FE4-BC52-6E1CC735280C}.Debug|x64.Build.0 = Debug|x64
		{428309C1-CD97-4FE4-BC52-6E1CC735280C}.Debug|x86.ActiveCfg = Debug|Win32
		{428309C1-CD97-4FE4-BC52-6E1CC735280C}.Debug|x86.Build.0 = Debug|Win32
		{428309C1-CD97-4FE4-BC52-6E1CC735280C}.Release|x64.ActiveCfg = Release|x64
		{428309C1-CD97-4FE4-BC52-6E1CC735280C}.Release|x64.Build.0 = Release|x64
		{428309C1-CD97-4FE4-BC52-6E1CC735280C}.Release|x86.ActiveCfg = Release|Win32
		{428309C1-CD97-4FE4-BC52-6E1CC735280C}.Release|x86.Build.0 = Release|Win32
		{E0AA5A65-BF6B-4980-ACFB-51B14BE6B043}.Debug|x64.ActiveCfg = Debug|x64
		{E0AA5A65-BF6B-4980-ACFB-51B14BE6B043}.Debug|x64.Build.0 = Debug|x64
		{E0AA5A65-BF6B-4980-ACFB-51B14BE6B043}.Debug|x86.ActiveCfg = Debug|Win32
		{E0AA5A65-BF6B-4980-ACFB-51B14BE6B043}.Debug|x86.Build.0 = Debug|Win32
		{E0AA5A65-BF6B-4980-ACFB-51B14BE6B043}.Release|x64.ActiveCfg = Release|x64
		{E0AA5A65-BF6B-4980-ACFB-51B14BE6B043}.Release|x64.Build.0 = Release|x64
		{E0AA5A65-BF6B-4980-ACFB-51B14BE6B043}.Release|x86.ActiveCfg = Release|Win32
		{E0AA5A65-BF6B-4980-ACFB-51B14BE6B043}.Release|x86.Build.0 = Release|Win32
		{EBDE755B-5A56-495D-B81D-E6B59EC9E6EE}.Debug|x64.ActiveCfg = Debug|x64
		{EBDE755B-5A56-495D-B81D-E6B59EC9E6EE}.Debug|x64.Build.0 = Debug|x64
		{EBDE755B-5A56-495D-B81D-E6B59EC9E6EE}.Debug|x86.ActiveCfg = Debug|Win32
		{EBDE755B-5A56-495D-B81D-E6B59EC9E6EE}.Debug|x86.Build.0 = Debug|Win32
		{EBDE755B-5A56-495D-B81D-E6B59EC9E6EE}.Release|x64.ActiveCfg = Release|x64
		{EBDE755B-5A56-495D-B81D-E6B59EC9E6EE}.Release|x64.Build.0 = Release|x64
		{EBDE755B-5A56-495D-B81D-E6B59EC9E6EE}.Release|x86.ActiveCfg = Release|Win32
		{EBDE755B-5A56-495D-B81D-E6B59EC9E6EE}.Release|x86.Build.0 = Release|Win32
	EndGlobalSection
	GlobalSection(SolutionProperties) = preSolution
		HideSolutionNode = FALSE
	EndGlobalSection
	GlobalSection(ExtensibilityGlobals) = postSolution
		SolutionGuid = {C4686435-BED3-4E36-AF0B-905F15051909}
	EndGlobalSection
EndGlobal
